// !$*UTF8*$!
{
	archiveVersion = 1;
	classes = {
	};
	objectVersion = 55;
	objects = {

/* Begin PBXBuildFile section */
		6C08A7D727198F75007533EA /* Color.swift in Sources */ = {isa = PBXBuildFile; fileRef = 6C08A7D627198F75007533EA /* Color.swift */; };
		6C08A7D927198FEB007533EA /* FirstUIView.swift in Sources */ = {isa = PBXBuildFile; fileRef = 6C08A7D827198FEB007533EA /* FirstUIView.swift */; };
		6C08A7DB27199028007533EA /* SecondUIView.swift in Sources */ = {isa = PBXBuildFile; fileRef = 6C08A7DA27199028007533EA /* SecondUIView.swift */; };
		6C08A7DD27199050007533EA /* ThirdUIView.swift in Sources */ = {isa = PBXBuildFile; fileRef = 6C08A7DC27199050007533EA /* ThirdUIView.swift */; };
		6C08A7DF2719907C007533EA /* TabViewUIView.swift in Sources */ = {isa = PBXBuildFile; fileRef = 6C08A7DE2719907C007533EA /* TabViewUIView.swift */; };
		6C20B0BC26FA04AD00509392 /* UI_LibraryApp.swift in Sources */ = {isa = PBXBuildFile; fileRef = 6C20B0BB26FA04AD00509392 /* UI_LibraryApp.swift */; };
		6C20B0BE26FA04AD00509392 /* ContentView.swift in Sources */ = {isa = PBXBuildFile; fileRef = 6C20B0BD26FA04AD00509392 /* ContentView.swift */; };
		6C20B0C026FA04B000509392 /* Assets.xcassets in Resources */ = {isa = PBXBuildFile; fileRef = 6C20B0BF26FA04B000509392 /* Assets.xcassets */; };
		6C20B0C326FA04B000509392 /* Preview Assets.xcassets in Resources */ = {isa = PBXBuildFile; fileRef = 6C20B0C226FA04B000509392 /* Preview Assets.xcassets */; };
		6C57950E271F0153006C14FB /* TextView.swift in Sources */ = {isa = PBXBuildFile; fileRef = 6C57950D271F0153006C14FB /* TextView.swift */; };
/* End PBXBuildFile section */

/* Begin PBXFileReference section */
		6C08A7D627198F75007533EA /* Color.swift */ = {isa = PBXFileReference; lastKnownFileType = sourcecode.swift; path = Color.swift; sourceTree = "<group>"; };
		6C08A7D827198FEB007533EA /* FirstUIView.swift */ = {isa = PBXFileReference; lastKnownFileType = sourcecode.swift; path = FirstUIView.swift; sourceTree = "<group>"; };
		6C08A7DA27199028007533EA /* SecondUIView.swift */ = {isa = PBXFileReference; lastKnownFileType = sourcecode.swift; path = SecondUIView.swift; sourceTree = "<group>"; };
		6C08A7DC27199050007533EA /* ThirdUIView.swift */ = {isa = PBXFileReference; lastKnownFileType = sourcecode.swift; path = ThirdUIView.swift; sourceTree = "<group>"; };
		6C08A7DE2719907C007533EA /* TabViewUIView.swift */ = {isa = PBXFileReference; lastKnownFileType = sourcecode.swift; path = TabViewUIView.swift; sourceTree = "<group>"; };
		6C20B0B826FA04AD00509392 /* UI Library.app */ = {isa = PBXFileReference; explicitFileType = wrapper.application; includeInIndex = 0; path = "UI Library.app"; sourceTree = BUILT_PRODUCTS_DIR; };
		6C20B0BB26FA04AD00509392 /* UI_LibraryApp.swift */ = {isa = PBXFileReference; lastKnownFileType = sourcecode.swift; path = UI_LibraryApp.swift; sourceTree = "<group>"; };
		6C20B0BD26FA04AD00509392 /* ContentView.swift */ = {isa = PBXFileReference; lastKnownFileType = sourcecode.swift; path = ContentView.swift; sourceTree = "<group>"; };
		6C20B0BF26FA04B000509392 /* Assets.xcassets */ = {isa = PBXFileReference; lastKnownFileType = folder.assetcatalog; path = Assets.xcassets; sourceTree = "<group>"; };
		6C20B0C226FA04B000509392 /* Preview Assets.xcassets */ = {isa = PBXFileReference; lastKnownFileType = folder.assetcatalog; path = "Preview Assets.xcassets"; sourceTree = "<group>"; };
		6C57950D271F0153006C14FB /* TextView.swift */ = {isa = PBXFileReference; lastKnownFileType = sourcecode.swift; path = TextView.swift; sourceTree = "<group>"; };
/* End PBXFileReference section */

/* Begin PBXFrameworksBuildPhase section */
		6C20B0B526FA04AD00509392 /* Frameworks */ = {
			isa = PBXFrameworksBuildPhase;
			buildActionMask = 2147483647;
			files = (
			);
			runOnlyForDeploymentPostprocessing = 0;
		};
/* End PBXFrameworksBuildPhase section */

/* Begin PBXGroup section */
		6C20B0AF26FA04AD00509392 = {
			isa = PBXGroup;
			children = (
				6C20B0BA26FA04AD00509392 /* UI Library */,
				6C20B0B926FA04AD00509392 /* Products */,
			);
			sourceTree = "<group>";
		};
		6C20B0B926FA04AD00509392 /* Products */ = {
			isa = PBXGroup;
			children = (
				6C20B0B826FA04AD00509392 /* UI Library.app */,
			);
			name = Products;
			sourceTree = "<group>";
		};
		6C20B0BA26FA04AD00509392 /* UI Library */ = {
			isa = PBXGroup;
			children = (
				6C20B0BB26FA04AD00509392 /* UI_LibraryApp.swift */,
				6C20B0BD26FA04AD00509392 /* ContentView.swift */,
				6C57950D271F0153006C14FB /* TextView.swift */,
				6C08A7DE2719907C007533EA /* TabViewUIView.swift */,
				6C20B0BF26FA04B000509392 /* Assets.xcassets */,
				6C20B0C126FA04B000509392 /* Preview Content */,
				6C08A7D627198F75007533EA /* Color.swift */,
				6C08A7D827198FEB007533EA /* FirstUIView.swift */,
				6C08A7DA27199028007533EA /* SecondUIView.swift */,
				6C08A7DC27199050007533EA /* ThirdUIView.swift */,
			);
			path = "UI Library";
			sourceTree = "<group>";
		};
		6C20B0C126FA04B000509392 /* Preview Content */ = {
			isa = PBXGroup;
			children = (
				6C20B0C226FA04B000509392 /* Preview Assets.xcassets */,
			);
			path = "Preview Content";
			sourceTree = "<group>";
		};
/* End PBXGroup section */

/* Begin PBXNativeTarget section */
		6C20B0B726FA04AD00509392 /* UI Library */ = {
			isa = PBXNativeTarget;
			buildConfigurationList = 6C20B0C626FA04B000509392 /* Build configuration list for PBXNativeTarget "UI Library" */;
			buildPhases = (
				6C20B0B426FA04AD00509392 /* Sources */,
				6C20B0B526FA04AD00509392 /* Frameworks */,
				6C20B0B626FA04AD00509392 /* Resources */,
			);
			buildRules = (
			);
			dependencies = (
			);
			name = "UI Library";
			productName = "UI Library";
			productReference = 6C20B0B826FA04AD00509392 /* UI Library.app */;
			productType = "com.apple.product-type.application";
		};
/* End PBXNativeTarget section */

/* Begin PBXProject section */
		6C20B0B026FA04AD00509392 /* Project object */ = {
			isa = PBXProject;
			attributes = {
				BuildIndependentTargetsInParallel = 1;
				LastSwiftUpdateCheck = 1300;
				LastUpgradeCheck = 1300;
				TargetAttributes = {
					6C20B0B726FA04AD00509392 = {
						CreatedOnToolsVersion = 13.0;
					};
				};
			};
			buildConfigurationList = 6C20B0B326FA04AD00509392 /* Build configuration list for PBXProject "UI Library" */;
			compatibilityVersion = "Xcode 13.0";
			developmentRegion = en;
			hasScannedForEncodings = 0;
			knownRegions = (
				en,
				Base,
			);
			mainGroup = 6C20B0AF26FA04AD00509392;
			productRefGroup = 6C20B0B926FA04AD00509392 /* Products */;
			projectDirPath = "";
			projectRoot = "";
			targets = (
				6C20B0B726FA04AD00509392 /* UI Library */,
			);
		};
/* End PBXProject section */

/* Begin PBXResourcesBuildPhase section */
		6C20B0B626FA04AD00509392 /* Resources */ = {
			isa = PBXResourcesBuildPhase;
			buildActionMask = 2147483647;
			files = (
				6C20B0C326FA04B000509392 /* Preview Assets.xcassets in Resources */,
				6C20B0C026FA04B000509392 /* Assets.xcassets in Resources */,
			);
			runOnlyForDeploymentPostprocessing = 0;
		};
/* End PBXResourcesBuildPhase section */

/* Begin PBXSourcesBuildPhase section */
		6C20B0B426FA04AD00509392 /* Sources */ = {
			isa = PBXSourcesBuildPhase;
			buildActionMask = 2147483647;
			files = (
				6C08A7DB27199028007533EA /* SecondUIView.swift in Sources */,
				6C57950E271F0153006C14FB /* TextView.swift in Sources */,
				6C20B0BE26FA04AD00509392 /* ContentView.swift in Sources */,
				6C08A7DF2719907C007533EA /* TabViewUIView.swift in Sources */,
				6C08A7DD27199050007533EA /* ThirdUIView.swift in Sources */,
				6C08A7D927198FEB007533EA /* FirstUIView.swift in Sources */,
				6C08A7D727198F75007533EA /* Color.swift in Sources */,
				6C20B0BC26FA04AD00509392 /* UI_LibraryApp.swift in Sources */,
			);
			runOnlyForDeploymentPostprocessing = 0;
		};
/* End PBXSourcesBuildPhase section */

/* Begin XCBuildConfiguration section */
		6C20B0C426FA04B000509392 /* Debug */ = {
			isa = XCBuildConfiguration;
			buildSettings = {
				ALWAYS_SEARCH_USER_PATHS = NO;
				CLANG_ANALYZER_NONNULL = YES;
				CLANG_ANALYZER_NUMBER_OBJECT_CONVERSION = YES_AGGRESSIVE;
				CLANG_CXX_LANGUAGE_STANDARD = "gnu++17";
				CLANG_CXX_LIBRARY = "libc++";
				CLANG_ENABLE_MODULES = YES;
				CLANG_ENABLE_OBJC_ARC = YES;
				CLANG_ENABLE_OBJC_WEAK = YES;
				CLANG_WARN_BLOCK_CAPTURE_AUTORELEASING = YES;
				CLANG_WARN_BOOL_CONVERSION = YES;
				CLANG_WARN_COMMA = YES;
				CLANG_WARN_CONSTANT_CONVERSION = YES;
				CLANG_WARN_DEPRECATED_OBJC_IMPLEMENTATIONS = YES;
				CLANG_WARN_DIRECT_OBJC_ISA_USAGE = YES_ERROR;
				CLANG_WARN_DOCUMENTATION_COMMENTS = YES;
				CLANG_WARN_EMPTY_BODY = YES;
				CLANG_WARN_ENUM_CONVERSION = YES;
				CLANG_WARN_INFINITE_RECURSION = YES;
				CLANG_WARN_INT_CONVERSION = YES;
				CLANG_WARN_NON_LITERAL_NULL_CONVERSION = YES;
				CLANG_WARN_OBJC_IMPLICIT_RETAIN_SELF = YES;
				CLANG_WARN_OBJC_LITERAL_CONVERSION = YES;
				CLANG_WARN_OBJC_ROOT_CLASS = YES_ERROR;
				CLANG_WARN_QUOTED_INCLUDE_IN_FRAMEWORK_HEADER = YES;
				CLANG_WARN_RANGE_LOOP_ANALYSIS = YES;
				CLANG_WARN_STRICT_PROTOTYPES = YES;
				CLANG_WARN_SUSPICIOUS_MOVE = YES;
				CLANG_WARN_UNGUARDED_AVAILABILITY = YES_AGGRESSIVE;
				CLANG_WARN_UNREACHABLE_CODE = YES;
				CLANG_WARN__DUPLICATE_METHOD_MATCH = YES;
				COPY_PHASE_STRIP = NO;
				DEBUG_INFORMATION_FORMAT = dwarf;
				ENABLE_STRICT_OBJC_MSGSEND = YES;
				ENABLE_TESTABILITY = YES;
				GCC_C_LANGUAGE_STANDARD = gnu11;
				GCC_DYNAMIC_NO_PIC = NO;
				GCC_NO_COMMON_BLOCKS = YES;
				GCC_OPTIMIZATION_LEVEL = 0;
				GCC_PREPROCESSOR_DEFINITIONS = (
					"DEBUG=1",
					"$(inherited)",
				);
				GCC_WARN_64_TO_32_BIT_CONVERSION = YES;
				GCC_WARN_ABOUT_RETURN_TYPE = YES_ERROR;
				GCC_WARN_UNDECLARED_SELECTOR = YES;
				GCC_WARN_UNINITIALIZED_AUTOS = YES_AGGRESSIVE;
				GCC_WARN_UNUSED_FUNCTION = YES;
				GCC_WARN_UNUSED_VARIABLE = YES;
				IPHONEOS_DEPLOYMENT_TARGET = 15.0;
				MTL_ENABLE_DEBUG_INFO = INCLUDE_SOURCE;
				MTL_FAST_MATH = YES;
				ONLY_ACTIVE_ARCH = YES;
				SDKROOT = iphoneos;
				SWIFT_ACTIVE_COMPILATION_CONDITIONS = DEBUG;
				SWIFT_OPTIMIZATION_LEVEL = "-Onone";
			};
			name = Debug;
		};
		6C20B0C526FA04B000509392 /* Release */ = {
			isa = XCBuildConfiguration;
			buildSettings = {
				ALWAYS_SEARCH_USER_PATHS = NO;
				CLANG_ANALYZER_NONNULL = YES;
				CLANG_ANALYZER_NUMBER_OBJECT_CONVERSION = YES_AGGRESSIVE;
				CLANG_CXX_LANGUAGE_STANDARD = "gnu++17";
				CLANG_CXX_LIBRARY = "libc++";
				CLANG_ENABLE_MODULES = YES;
				CLANG_ENABLE_OBJC_ARC = YES;
				CLANG_ENABLE_OBJC_WEAK = YES;
				CLANG_WARN_BLOCK_CAPTURE_AUTORELEASING = YES;
				CLANG_WARN_BOOL_CONVERSION = YES;
				CLANG_WARN_COMMA = YES;
				CLANG_WARN_CONSTANT_CONVERSION = YES;
				CLANG_WARN_DEPRECATED_OBJC_IMPLEMENTATIONS = YES;
				CLANG_WARN_DIRECT_OBJC_ISA_USAGE = YES_ERROR;
				CLANG_WARN_DOCUMENTATION_COMMENTS = YES;
				CLANG_WARN_EMPTY_BODY = YES;
				CLANG_WARN_ENUM_CONVERSION = YES;
				CLANG_WARN_INFINITE_RECURSION = YES;
				CLANG_WARN_INT_CONVERSION = YES;
				CLANG_WARN_NON_LITERAL_NULL_CONVERSION = YES;
				CLANG_WARN_OBJC_IMPLICIT_RETAIN_SELF = YES;
				CLANG_WARN_OBJC_LITERAL_CONVERSION = YES;
				CLANG_WARN_OBJC_ROOT_CLASS = YES_ERROR;
				CLANG_WARN_QUOTED_INCLUDE_IN_FRAMEWORK_HEADER = YES;
				CLANG_WARN_RANGE_LOOP_ANALYSIS = YES;
				CLANG_WARN_STRICT_PROTOTYPES = YES;
				CLANG_WARN_SUSPICIOUS_MOVE = YES;
				CLANG_WARN_UNGUARDED_AVAILABILITY = YES_AGGRESSIVE;
				CLANG_WARN_UNREACHABLE_CODE = YES;
				CLANG_WARN__DUPLICATE_METHOD_MATCH = YES;
				COPY_PHASE_STRIP = NO;
				DEBUG_INFORMATION_FORMAT = "dwarf-with-dsym";
				ENABLE_NS_ASSERTIONS = NO;
				ENABLE_STRICT_OBJC_MSGSEND = YES;
				GCC_C_LANGUAGE_STANDARD = gnu11;
				GCC_NO_COMMON_BLOCKS = YES;
				GCC_WARN_64_TO_32_BIT_CONVERSION = YES;
				GCC_WARN_ABOUT_RETURN_TYPE = YES_ERROR;
				GCC_WARN_UNDECLARED_SELECTOR = YES;
				GCC_WARN_UNINITIALIZED_AUTOS = YES_AGGRESSIVE;
				GCC_WARN_UNUSED_FUNCTION = YES;
				GCC_WARN_UNUSED_VARIABLE = YES;
				IPHONEOS_DEPLOYMENT_TARGET = 15.0;
				MTL_ENABLE_DEBUG_INFO = NO;
				MTL_FAST_MATH = YES;
				SDKROOT = iphoneos;
				SWIFT_COMPILATION_MODE = wholemodule;
				SWIFT_OPTIMIZATION_LEVEL = "-O";
				VALIDATE_PRODUCT = YES;
			};
			name = Release;
		};
		6C20B0C726FA04B000509392 /* Debug */ = {
			isa = XCBuildConfiguration;
			buildSettings = {
				ASSETCATALOG_COMPILER_APPICON_NAME = AppIcon;
				ASSETCATALOG_COMPILER_GLOBAL_ACCENT_COLOR_NAME = AccentColor;
				CODE_SIGN_STYLE = Automatic;
				CURRENT_PROJECT_VERSION = 1;
				DEVELOPMENT_ASSET_PATHS = "\"UI Library/Preview Content\"";
				DEVELOPMENT_TEAM = ZS2VW22M4T;
				ENABLE_PREVIEWS = YES;
				GENERATE_INFOPLIST_FILE = YES;
				INFOPLIST_KEY_UIApplicationSceneManifest_Generation = YES;
				INFOPLIST_KEY_UIApplicationSupportsIndirectInputEvents = YES;
				INFOPLIST_KEY_UILaunchScreen_Generation = YES;
				INFOPLIST_KEY_UISupportedInterfaceOrientations_iPad = "UIInterfaceOrientationPortrait UIInterfaceOrientationPortraitUpsideDown UIInterfaceOrientationLandscapeLeft UIInterfaceOrientationLandscapeRight";
				INFOPLIST_KEY_UISupportedInterfaceOrientations_iPhone = "UIInterfaceOrientationPortrait UIInterfaceOrientationLandscapeLeft UIInterfaceOrientationLandscapeRight";
				IPHONEOS_DEPLOYMENT_TARGET = 14.0;
				LD_RUNPATH_SEARCH_PATHS = (
					"$(inherited)",
					"@executable_path/Frameworks",
				);
				MARKETING_VERSION = 1.0;
				PRODUCT_BUNDLE_IDENTIFIER = "io.betasquirrel.UI-Library";
				PRODUCT_NAME = "$(TARGET_NAME)";
				SWIFT_EMIT_LOC_STRINGS = YES;
				SWIFT_VERSION = 5.0;
				TARGETED_DEVICE_FAMILY = "1,2";
			};
			name = Debug;
		};
		6C20B0C826FA04B000509392 /* Release */ = {
			isa = XCBuildConfiguration;
			buildSettings = {
				ASSETCATALOG_COMPILER_APPICON_NAME = AppIcon;
				ASSETCATALOG_COMPILER_GLOBAL_ACCENT_COLOR_NAME = AccentColor;
				CODE_SIGN_STYLE = Automatic;
				CURRENT_PROJECT_VERSION = 1;
				DEVELOPMENT_ASSET_PATHS = "\"UI Library/Preview Content\"";
				DEVELOPMENT_TEAM = ZS2VW22M4T;
				ENABLE_PREVIEWS = YES;
				GENERATE_INFOPLIST_FILE = YES;
				INFOPLIST_KEY_UIApplicationSceneManifest_Generation = YES;
				INFOPLIST_KEY_UIApplicationSupportsIndirectInputEvents = YES;
				INFOPLIST_KEY_UILaunchScreen_Generation = YES;
				INFOPLIST_KEY_UISupportedInterfaceOrientations_iPad = "UIInterfaceOrientationPortrait UIInterfaceOrientationPortraitUpsideDown UIInterfaceOrientationLandscapeLeft UIInterfaceOrientationLandscapeRight";
				INFOPLIST_KEY_UISupportedInterfaceOrientations_iPhone = "UIInterfaceOrientationPortrait UIInterfaceOrientationLandscapeLeft UIInterfaceOrientationLandscapeRight";
				IPHONEOS_DEPLOYMENT_TARGET = 14.0;
				LD_RUNPATH_SEARCH_PATHS = (
					"$(inherited)",
					"@executable_path/Frameworks",
				);
				MARKETING_VERSION = 1.0;
				PRODUCT_BUNDLE_IDENTIFIER = "io.betasquirrel.UI-Library";
				PRODUCT_NAME = "$(TARGET_NAME)";
				SWIFT_EMIT_LOC_STRINGS = YES;
				SWIFT_VERSION = 5.0;
				TARGETED_DEVICE_FAMILY = "1,2";
			};
			name = Release;
		};
/* End XCBuildConfiguration section */

/* Begin XCConfigurationList section */
		6C20B0B326FA04AD00509392 /* Build configuration list for PBXProject "UI Library" */ = {
			isa = XCConfigurationList;
			buildConfigurations = (
				6C20B0C426FA04B000509392 /* Debug */,
				6C20B0C526FA04B000509392 /* Release */,
			);
			defaultConfigurationIsVisible = 0;
			defaultConfigurationName = Release;
		};
		6C20B0C626FA04B000509392 /* Build configuration list for PBXNativeTarget "UI Library" */ = {
			isa = XCConfigurationList;
			buildConfigurations = (
				6C20B0C726FA04B000509392 /* Debug */,
				6C20B0C826FA04B000509392 /* Release */,
			);
			defaultConfigurationIsVisible = 0;
			defaultConfigurationName = Release;
		};
/* End XCConfigurationList section */
	};
	rootObject = 6C20B0B026FA04AD00509392 /* Project object */;
}
